
Microsoft Visual Studio Solution File, Format Version 12.00
# Visual Studio Version 17
VisualStudioVersion = 17.3.32901.215
MinimumVisualStudioVersion = 10.0.40219.1
Project("{FAE04EC0-301F-11D3-BF4B-00C04F79EFBC}") = "Stack Using Linked List", "Stack Using Linked List\Stack Using Linked List.csproj", "{83845DB0-91F2-4EE3-AB2B-913ED1938D0D}"
EndProject
Global
	GlobalSection(SolutionConfigurationPlatforms) = preSolution
		Debug|Any CPU = Debug|Any CPU
		Release|Any CPU = Release|Any CPU
	EndGlobalSection
	GlobalSection(ProjectConfigurationPlatforms) = postSolution
		{83845DB0-91F2-4EE3-AB2B-913ED1938D0D}.Debug|Any CPU.ActiveCfg = Debug|Any CPU
		{83845DB0-91F2-4EE3-AB2B-913ED1938D0D}.Debug|Any CPU.Build.0 = Debug|Any CPU
		{83845DB0-91F2-4EE3-AB2B-913ED1938D0D}.Release|Any CPU.ActiveCfg = Release|Any CPU
		{83845DB0-91F2-4EE3-AB2B-913ED1938D0D}.Release|Any CPU.Build.0 = Release|Any CPU
	EndGlobalSection
	GlobalSection(SolutionProperties) = preSolution
		HideSolutionNode = FALSE
	EndGlobalSection
	GlobalSection(ExtensibilityGlobals) = postSolution
		SolutionGuid = {1D530C2A-11A2-4C77-B899-D6CF73B69455}
	EndGlobalSection
EndGlobal
